// !$*UTF8*$!
{
	archiveVersion = 1;
	classes = {
	};
	objectVersion = 46;
	objects = {

/* Begin PBXBuildFile section */
		7C04F3881C1A3E63007E6A3E /* TaskListTests.m in Sources */ = {isa = PBXBuildFile; fileRef = 7C04F3871C1A3E63007E6A3E /* TaskListTests.m */; };
		7C789FEE1C1F0E4400C5BE8B /* TestsHelper.m in Sources */ = {isa = PBXBuildFile; fileRef = 7C789FED1C1F0E4400C5BE8B /* TestsHelper.m */; };
		7C789FF01C1F0F7E00C5BE8B /* ChecklistDataSourceTests.m in Sources */ = {isa = PBXBuildFile; fileRef = 7C789FEF1C1F0F7E00C5BE8B /* ChecklistDataSourceTests.m */; };
		7CA958501C1A3CD30045D088 /* TaskTests.m in Sources */ = {isa = PBXBuildFile; fileRef = 7CA9584F1C1A3CD30045D088 /* TaskTests.m */; };
		7CBCF58A1C1F6F7700397769 /* CheckListTests.m in Sources */ = {isa = PBXBuildFile; fileRef = 7CBCF5881C1F6F7700397769 /* CheckListTests.m */; };
		7CBCF58B1C1F6F7700397769 /* CreateTaskControllerTests.m in Sources */ = {isa = PBXBuildFile; fileRef = 7CBCF5891C1F6F7700397769 /* CreateTaskControllerTests.m */; };
		7CF88C6C1C148D3E00B81DDE /* main.m in Sources */ = {isa = PBXBuildFile; fileRef = 7CF88C6B1C148D3E00B81DDE /* main.m */; };
		7CF88C6F1C148D3E00B81DDE /* AppDelegate.m in Sources */ = {isa = PBXBuildFile; fileRef = 7CF88C6E1C148D3E00B81DDE /* AppDelegate.m */; };
		7CF88C721C148D3E00B81DDE /* ChecklistViewController.m in Sources */ = {isa = PBXBuildFile; fileRef = 7CF88C711C148D3E00B81DDE /* ChecklistViewController.m */; };
		7CF88C771C148D3F00B81DDE /* Assets.xcassets in Resources */ = {isa = PBXBuildFile; fileRef = 7CF88C761C148D3F00B81DDE /* Assets.xcassets */; };
		7CF88C7A1C148D3F00B81DDE /* LaunchScreen.storyboard in Resources */ = {isa = PBXBuildFile; fileRef = 7CF88C781C148D3F00B81DDE /* LaunchScreen.storyboard */; };
		7CF88C911C1492B500B81DDE /* Task.m in Sources */ = {isa = PBXBuildFile; fileRef = 7CF88C901C1492B500B81DDE /* Task.m */; };
		7CF88C921C1492B500B81DDE /* Task.m in Sources */ = {isa = PBXBuildFile; fileRef = 7CF88C901C1492B500B81DDE /* Task.m */; };
		7CF88C991C16218000B81DDE /* TaskList.m in Sources */ = {isa = PBXBuildFile; fileRef = 7CF88C981C16218000B81DDE /* TaskList.m */; };
		7CF88C9A1C16218000B81DDE /* TaskList.m in Sources */ = {isa = PBXBuildFile; fileRef = 7CF88C981C16218000B81DDE /* TaskList.m */; };
		7CF88C9D1C162CE000B81DDE /* CheckList.m in Sources */ = {isa = PBXBuildFile; fileRef = 7CF88C9C1C162CE000B81DDE /* CheckList.m */; };
		7CF88C9E1C162CE000B81DDE /* CheckList.m in Sources */ = {isa = PBXBuildFile; fileRef = 7CF88C9C1C162CE000B81DDE /* CheckList.m */; };
		7CF88CA11C16353500B81DDE /* ChecklistDataSource.m in Sources */ = {isa = PBXBuildFile; fileRef = 7CF88CA01C16353500B81DDE /* ChecklistDataSource.m */; };
		7CF88CA21C16353500B81DDE /* ChecklistDataSource.m in Sources */ = {isa = PBXBuildFile; fileRef = 7CF88CA01C16353500B81DDE /* ChecklistDataSource.m */; };
		7CF88CA51C16405D00B81DDE /* ChecklistStorage.m in Sources */ = {isa = PBXBuildFile; fileRef = 7CF88CA41C16405D00B81DDE /* ChecklistStorage.m */; };
		7CF88CA61C16405D00B81DDE /* ChecklistStorage.m in Sources */ = {isa = PBXBuildFile; fileRef = 7CF88CA41C16405D00B81DDE /* ChecklistStorage.m */; };
		7CF8A0891C1F3CE400DBDF7B /* CreateTaskController.m in Sources */ = {isa = PBXBuildFile; fileRef = 7CF8A0881C1F3CE400DBDF7B /* CreateTaskController.m */; };
/* End PBXBuildFile section */

/* Begin PBXContainerItemProxy section */
		7CF88C811C148D3F00B81DDE /* PBXContainerItemProxy */ = {
			isa = PBXContainerItemProxy;
			containerPortal = 7CF88C5F1C148D3E00B81DDE /* Project object */;
			proxyType = 1;
			remoteGlobalIDString = 7CF88C661C148D3E00B81DDE;
			remoteInfo = Check;
		};
/* End PBXContainerItemProxy section */

/* Begin PBXFileReference section */
		7C04F3871C1A3E63007E6A3E /* TaskListTests.m */ = {isa = PBXFileReference; fileEncoding = 4; lastKnownFileType = sourcecode.c.objc; path = TaskListTests.m; sourceTree = "<group>"; };
		7C789FEC1C1F0E4400C5BE8B /* TestsHelper.h */ = {isa = PBXFileReference; fileEncoding = 4; lastKnownFileType = sourcecode.c.h; path = TestsHelper.h; sourceTree = "<group>"; };
		7C789FED1C1F0E4400C5BE8B /* TestsHelper.m */ = {isa = PBXFileReference; fileEncoding = 4; lastKnownFileType = sourcecode.c.objc; path = TestsHelper.m; sourceTree = "<group>"; };
		7C789FEF1C1F0F7E00C5BE8B /* ChecklistDataSourceTests.m */ = {isa = PBXFileReference; fileEncoding = 4; lastKnownFileType = sourcecode.c.objc; path = ChecklistDataSourceTests.m; sourceTree = "<group>"; };
		7CA9584F1C1A3CD30045D088 /* TaskTests.m */ = {isa = PBXFileReference; fileEncoding = 4; lastKnownFileType = sourcecode.c.objc; path = TaskTests.m; sourceTree = "<group>"; };
		7CBCF5881C1F6F7700397769 /* CheckListTests.m */ = {isa = PBXFileReference; fileEncoding = 4; lastKnownFileType = sourcecode.c.objc; path = CheckListTests.m; sourceTree = "<group>"; };
		7CBCF5891C1F6F7700397769 /* CreateTaskControllerTests.m */ = {isa = PBXFileReference; fileEncoding = 4; lastKnownFileType = sourcecode.c.objc; path = CreateTaskControllerTests.m; sourceTree = "<group>"; };
		7CF88C671C148D3E00B81DDE /* Check.app */ = {isa = PBXFileReference; explicitFileType = wrapper.application; includeInIndex = 0; path = Check.app; sourceTree = BUILT_PRODUCTS_DIR; };
		7CF88C6B1C148D3E00B81DDE /* main.m */ = {isa = PBXFileReference; lastKnownFileType = sourcecode.c.objc; path = main.m; sourceTree = "<group>"; };
		7CF88C6D1C148D3E00B81DDE /* AppDelegate.h */ = {isa = PBXFileReference; lastKnownFileType = sourcecode.c.h; path = AppDelegate.h; sourceTree = "<group>"; };
		7CF88C6E1C148D3E00B81DDE /* AppDelegate.m */ = {isa = PBXFileReference; lastKnownFileType = sourcecode.c.objc; path = AppDelegate.m; sourceTree = "<group>"; };
		7CF88C701C148D3E00B81DDE /* ChecklistViewController.h */ = {isa = PBXFileReference; lastKnownFileType = sourcecode.c.h; path = ChecklistViewController.h; sourceTree = "<group>"; };
		7CF88C711C148D3E00B81DDE /* ChecklistViewController.m */ = {isa = PBXFileReference; lastKnownFileType = sourcecode.c.objc; path = ChecklistViewController.m; sourceTree = "<group>"; };
		7CF88C761C148D3F00B81DDE /* Assets.xcassets */ = {isa = PBXFileReference; lastKnownFileType = folder.assetcatalog; path = Assets.xcassets; sourceTree = "<group>"; };
		7CF88C791C148D3F00B81DDE /* Base */ = {isa = PBXFileReference; lastKnownFileType = file.storyboard; name = Base; path = Base.lproj/LaunchScreen.storyboard; sourceTree = "<group>"; };
		7CF88C7B1C148D3F00B81DDE /* Info.plist */ = {isa = PBXFileReference; lastKnownFileType = text.plist.xml; path = Info.plist; sourceTree = "<group>"; };
		7CF88C801C148D3F00B81DDE /* CheckTests.xctest */ = {isa = PBXFileReference; explicitFileType = wrapper.cfbundle; includeInIndex = 0; path = CheckTests.xctest; sourceTree = BUILT_PRODUCTS_DIR; };
		7CF88C861C148D3F00B81DDE /* Info.plist */ = {isa = PBXFileReference; lastKnownFileType = text.plist.xml; path = Info.plist; sourceTree = "<group>"; };
		7CF88C8F1C1492B500B81DDE /* Task.h */ = {isa = PBXFileReference; fileEncoding = 4; lastKnownFileType = sourcecode.c.h; path = Task.h; sourceTree = "<group>"; };
		7CF88C901C1492B500B81DDE /* Task.m */ = {isa = PBXFileReference; fileEncoding = 4; lastKnownFileType = sourcecode.c.objc; path = Task.m; sourceTree = "<group>"; };
		7CF88C971C16218000B81DDE /* TaskList.h */ = {isa = PBXFileReference; fileEncoding = 4; lastKnownFileType = sourcecode.c.h; path = TaskList.h; sourceTree = "<group>"; };
		7CF88C981C16218000B81DDE /* TaskList.m */ = {isa = PBXFileReference; fileEncoding = 4; lastKnownFileType = sourcecode.c.objc; path = TaskList.m; sourceTree = "<group>"; };
		7CF88C9B1C162CE000B81DDE /* CheckList.h */ = {isa = PBXFileReference; fileEncoding = 4; lastKnownFileType = sourcecode.c.h; path = CheckList.h; sourceTree = "<group>"; };
		7CF88C9C1C162CE000B81DDE /* CheckList.m */ = {isa = PBXFileReference; fileEncoding = 4; lastKnownFileType = sourcecode.c.objc; path = CheckList.m; sourceTree = "<group>"; };
		7CF88C9F1C16353500B81DDE /* ChecklistDataSource.h */ = {isa = PBXFileReference; fileEncoding = 4; lastKnownFileType = sourcecode.c.h; path = ChecklistDataSource.h; sourceTree = "<group>"; };
		7CF88CA01C16353500B81DDE /* ChecklistDataSource.m */ = {isa = PBXFileReference; fileEncoding = 4; lastKnownFileType = sourcecode.c.objc; path = ChecklistDataSource.m; sourceTree = "<group>"; };
		7CF88CA31C16405D00B81DDE /* ChecklistStorage.h */ = {isa = PBXFileReference; fileEncoding = 4; lastKnownFileType = sourcecode.c.h; path = ChecklistStorage.h; sourceTree = "<group>"; };
		7CF88CA41C16405D00B81DDE /* ChecklistStorage.m */ = {isa = PBXFileReference; fileEncoding = 4; lastKnownFileType = sourcecode.c.objc; path = ChecklistStorage.m; sourceTree = "<group>"; };
		7CF8A0871C1F3CE400DBDF7B /* CreateTaskController.h */ = {isa = PBXFileReference; fileEncoding = 4; lastKnownFileType = sourcecode.c.h; path = CreateTaskController.h; sourceTree = "<group>"; };
		7CF8A0881C1F3CE400DBDF7B /* CreateTaskController.m */ = {isa = PBXFileReference; fileEncoding = 4; lastKnownFileType = sourcecode.c.objc; path = CreateTaskController.m; sourceTree = "<group>"; };
/* End PBXFileReference section */

/* Begin PBXFrameworksBuildPhase section */
		7CF88C641C148D3E00B81DDE /* Frameworks */ = {
			isa = PBXFrameworksBuildPhase;
			buildActionMask = 2147483647;
			files = (
			);
			runOnlyForDeploymentPostprocessing = 0;
		};
		7CF88C7D1C148D3F00B81DDE /* Frameworks */ = {
			isa = PBXFrameworksBuildPhase;
			buildActionMask = 2147483647;
			files = (
			);
			runOnlyForDeploymentPostprocessing = 0;
		};
/* End PBXFrameworksBuildPhase section */

/* Begin PBXGroup section */
		7CF88C5E1C148D3E00B81DDE = {
			isa = PBXGroup;
			children = (
				7CF88C691C148D3E00B81DDE /* Check */,
				7CF88C831C148D3F00B81DDE /* CheckTests */,
				7CF88C681C148D3E00B81DDE /* Products */,
			);
			sourceTree = "<group>";
		};
		7CF88C681C148D3E00B81DDE /* Products */ = {
			isa = PBXGroup;
			children = (
				7CF88C671C148D3E00B81DDE /* Check.app */,
				7CF88C801C148D3F00B81DDE /* CheckTests.xctest */,
			);
			name = Products;
			sourceTree = "<group>";
		};
		7CF88C691C148D3E00B81DDE /* Check */ = {
			isa = PBXGroup;
			children = (
				7CF88C6D1C148D3E00B81DDE /* AppDelegate.h */,
				7CF88C6E1C148D3E00B81DDE /* AppDelegate.m */,
				7CF88CA31C16405D00B81DDE /* ChecklistStorage.h */,
				7CF88CA41C16405D00B81DDE /* ChecklistStorage.m */,
				7CF88C701C148D3E00B81DDE /* ChecklistViewController.h */,
				7CF88C711C148D3E00B81DDE /* ChecklistViewController.m */,
				7CF8A0871C1F3CE400DBDF7B /* CreateTaskController.h */,
				7CF8A0881C1F3CE400DBDF7B /* CreateTaskController.m */,
				7CF88C761C148D3F00B81DDE /* Assets.xcassets */,
				7CF88C781C148D3F00B81DDE /* LaunchScreen.storyboard */,
				7CF88C7B1C148D3F00B81DDE /* Info.plist */,
				7CF88C6A1C148D3E00B81DDE /* Supporting Files */,
				7CF88C8F1C1492B500B81DDE /* Task.h */,
				7CF88C901C1492B500B81DDE /* Task.m */,
				7CF88C971C16218000B81DDE /* TaskList.h */,
				7CF88C981C16218000B81DDE /* TaskList.m */,
				7CF88C9B1C162CE000B81DDE /* CheckList.h */,
				7CF88C9C1C162CE000B81DDE /* CheckList.m */,
				7CF88C9F1C16353500B81DDE /* ChecklistDataSource.h */,
				7CF88CA01C16353500B81DDE /* ChecklistDataSource.m */,
			);
			path = Check;
			sourceTree = "<group>";
		};
		7CF88C6A1C148D3E00B81DDE /* Supporting Files */ = {
			isa = PBXGroup;
			children = (
				7CF88C6B1C148D3E00B81DDE /* main.m */,
			);
			name = "Supporting Files";
			sourceTree = "<group>";
		};
		7CF88C831C148D3F00B81DDE /* CheckTests */ = {
			isa = PBXGroup;
			children = (
				7CBCF5881C1F6F7700397769 /* CheckListTests.m */,
				7CBCF5891C1F6F7700397769 /* CreateTaskControllerTests.m */,
				7C789FEC1C1F0E4400C5BE8B /* TestsHelper.h */,
				7C789FED1C1F0E4400C5BE8B /* TestsHelper.m */,
				7CA9584F1C1A3CD30045D088 /* TaskTests.m */,
				7C04F3871C1A3E63007E6A3E /* TaskListTests.m */,
				7C789FEF1C1F0F7E00C5BE8B /* ChecklistDataSourceTests.m */,
				7CF88C861C148D3F00B81DDE /* Info.plist */,
			);
			path = CheckTests;
			sourceTree = "<group>";
		};
/* End PBXGroup section */

/* Begin PBXNativeTarget section */
		7CF88C661C148D3E00B81DDE /* Check */ = {
			isa = PBXNativeTarget;
			buildConfigurationList = 7CF88C891C148D3F00B81DDE /* Build configuration list for PBXNativeTarget "Check" */;
			buildPhases = (
				7CF88C631C148D3E00B81DDE /* Sources */,
				7CF88C641C148D3E00B81DDE /* Frameworks */,
				7CF88C651C148D3E00B81DDE /* Resources */,
			);
			buildRules = (
			);
			dependencies = (
			);
			name = Check;
			productName = Check;
			productReference = 7CF88C671C148D3E00B81DDE /* Check.app */;
			productType = "com.apple.product-type.application";
		};
		7CF88C7F1C148D3F00B81DDE /* CheckTests */ = {
			isa = PBXNativeTarget;
			buildConfigurationList = 7CF88C8C1C148D3F00B81DDE /* Build configuration list for PBXNativeTarget "CheckTests" */;
			buildPhases = (
				7CF88C7C1C148D3F00B81DDE /* Sources */,
				7CF88C7D1C148D3F00B81DDE /* Frameworks */,
				7CF88C7E1C148D3F00B81DDE /* Resources */,
			);
			buildRules = (
			);
			dependencies = (
				7CF88C821C148D3F00B81DDE /* PBXTargetDependency */,
			);
			name = CheckTests;
			productName = CheckTests;
			productReference = 7CF88C801C148D3F00B81DDE /* CheckTests.xctest */;
			productType = "com.apple.product-type.bundle.unit-test";
		};
/* End PBXNativeTarget section */

/* Begin PBXProject section */
		7CF88C5F1C148D3E00B81DDE /* Project object */ = {
			isa = PBXProject;
			attributes = {
				LastUpgradeCheck = 0710;
				ORGANIZATIONNAME = xaTa;
				TargetAttributes = {
					7CF88C661C148D3E00B81DDE = {
						CreatedOnToolsVersion = 7.1.1;
						DevelopmentTeam = E8FD2AR8WF;
					};
					7CF88C7F1C148D3F00B81DDE = {
						CreatedOnToolsVersion = 7.1.1;
						TestTargetID = 7CF88C661C148D3E00B81DDE;
					};
				};
			};
			buildConfigurationList = 7CF88C621C148D3E00B81DDE /* Build configuration list for PBXProject "Check" */;
			compatibilityVersion = "Xcode 3.2";
			developmentRegion = English;
			hasScannedForEncodings = 0;
			knownRegions = (
				en,
				Base,
			);
			mainGroup = 7CF88C5E1C148D3E00B81DDE;
			productRefGroup = 7CF88C681C148D3E00B81DDE /* Products */;
			projectDirPath = "";
			projectRoot = "";
			targets = (
				7CF88C661C148D3E00B81DDE /* Check */,
				7CF88C7F1C148D3F00B81DDE /* CheckTests */,
			);
		};
/* End PBXProject section */

/* Begin PBXResourcesBuildPhase section */
		7CF88C651C148D3E00B81DDE /* Resources */ = {
			isa = PBXResourcesBuildPhase;
			buildActionMask = 2147483647;
			files = (
				7CF88C7A1C148D3F00B81DDE /* LaunchScreen.storyboard in Resources */,
				7CF88C771C148D3F00B81DDE /* Assets.xcassets in Resources */,
			);
			runOnlyForDeploymentPostprocessing = 0;
		};
		7CF88C7E1C148D3F00B81DDE /* Resources */ = {
			isa = PBXResourcesBuildPhase;
			buildActionMask = 2147483647;
			files = (
			);
			runOnlyForDeploymentPostprocessing = 0;
		};
/* End PBXResourcesBuildPhase section */

/* Begin PBXSourcesBuildPhase section */
		7CF88C631C148D3E00B81DDE /* Sources */ = {
			isa = PBXSourcesBuildPhase;
			buildActionMask = 2147483647;
			files = (
				7CF88C911C1492B500B81DDE /* Task.m in Sources */,
				7CF8A0891C1F3CE400DBDF7B /* CreateTaskController.m in Sources */,
				7CF88C9D1C162CE000B81DDE /* CheckList.m in Sources */,
				7CF88CA51C16405D00B81DDE /* ChecklistStorage.m in Sources */,
				7CF88C721C148D3E00B81DDE /* ChecklistViewController.m in Sources */,
				7CF88C6F1C148D3E00B81DDE /* AppDelegate.m in Sources */,
				7CF88CA11C16353500B81DDE /* ChecklistDataSource.m in Sources */,
				7CF88C991C16218000B81DDE /* TaskList.m in Sources */,
				7CF88C6C1C148D3E00B81DDE /* main.m in Sources */,
			);
			runOnlyForDeploymentPostprocessing = 0;
		};
		7CF88C7C1C148D3F00B81DDE /* Sources */ = {
			isa = PBXSourcesBuildPhase;
			buildActionMask = 2147483647;
			files = (
				7CF88C9A1C16218000B81DDE /* TaskList.m in Sources */,
				7CF88C921C1492B500B81DDE /* Task.m in Sources */,
				7CF88CA61C16405D00B81DDE /* ChecklistStorage.m in Sources */,
				7CA958501C1A3CD30045D088 /* TaskTests.m in Sources */,
				7CBCF58A1C1F6F7700397769 /* CheckListTests.m in Sources */,
				7C789FF01C1F0F7E00C5BE8B /* ChecklistDataSourceTests.m in Sources */,
				7C04F3881C1A3E63007E6A3E /* TaskListTests.m in Sources */,
				7CBCF58B1C1F6F7700397769 /* CreateTaskControllerTests.m in Sources */,
				7CF88CA21C16353500B81DDE /* ChecklistDataSource.m in Sources */,
				7CF88C9E1C162CE000B81DDE /* CheckList.m in Sources */,
				7C789FEE1C1F0E4400C5BE8B /* TestsHelper.m in Sources */,
			);
			runOnlyForDeploymentPostprocessing = 0;
		};
/* End PBXSourcesBuildPhase section */

/* Begin PBXTargetDependency section */
		7CF88C821C148D3F00B81DDE /* PBXTargetDependency */ = {
			isa = PBXTargetDependency;
			target = 7CF88C661C148D3E00B81DDE /* Check */;
			targetProxy = 7CF88C811C148D3F00B81DDE /* PBXContainerItemProxy */;
		};
/* End PBXTargetDependency section */

/* Begin PBXVariantGroup section */
		7CF88C781C148D3F00B81DDE /* LaunchScreen.storyboard */ = {
			isa = PBXVariantGroup;
			children = (
				7CF88C791C148D3F00B81DDE /* Base */,
			);
			name = LaunchScreen.storyboard;
			sourceTree = "<group>";
		};
/* End PBXVariantGroup section */

/* Begin XCBuildConfiguration section */
		7CF88C871C148D3F00B81DDE /* Debug */ = {
			isa = XCBuildConfiguration;
			buildSettings = {
				ALWAYS_SEARCH_USER_PATHS = NO;
				CLANG_CXX_LANGUAGE_STANDARD = "gnu++0x";
				CLANG_CXX_LIBRARY = "libc++";
				CLANG_ENABLE_MODULES = YES;
				CLANG_ENABLE_OBJC_ARC = YES;
				CLANG_WARN_BOOL_CONVERSION = YES;
				CLANG_WARN_CONSTANT_CONVERSION = YES;
				CLANG_WARN_DIRECT_OBJC_ISA_USAGE = YES_ERROR;
				CLANG_WARN_EMPTY_BODY = YES;
				CLANG_WARN_ENUM_CONVERSION = YES;
				CLANG_WARN_INT_CONVERSION = YES;
				CLANG_WARN_OBJC_ROOT_CLASS = YES_ERROR;
				CLANG_WARN_UNREACHABLE_CODE = YES;
				CLANG_WARN__DUPLICATE_METHOD_MATCH = YES;
				"CODE_SIGN_IDENTITY[sdk=iphoneos*]" = "iPhone Developer";
				COPY_PHASE_STRIP = NO;
				DEBUG_INFORMATION_FORMAT = dwarf;
				ENABLE_STRICT_OBJC_MSGSEND = YES;
				ENABLE_TESTABILITY = YES;
				GCC_C_LANGUAGE_STANDARD = gnu99;
				GCC_DYNAMIC_NO_PIC = NO;
				GCC_NO_COMMON_BLOCKS = YES;
				GCC_OPTIMIZATION_LEVEL = 0;
				GCC_PREPROCESSOR_DEFINITIONS = (
					"DEBUG=1",
					"$(inherited)",
				);
				GCC_WARN_64_TO_32_BIT_CONVERSION = YES;
				GCC_WARN_ABOUT_RETURN_TYPE = YES_ERROR;
				GCC_WARN_UNDECLARED_SELECTOR = YES;
				GCC_WARN_UNINITIALIZED_AUTOS = YES_AGGRESSIVE;
				GCC_WARN_UNUSED_FUNCTION = YES;
				GCC_WARN_UNUSED_VARIABLE = YES;
				IPHONEOS_DEPLOYMENT_TARGET = 9.1;
				MTL_ENABLE_DEBUG_INFO = YES;
				ONLY_ACTIVE_ARCH = YES;
				SDKROOT = iphoneos;
			};
			name = Debug;
		};
		7CF88C881C148D3F00B81DDE /* Release */ = {
			isa = XCBuildConfiguration;
			buildSettings = {
				ALWAYS_SEARCH_USER_PATHS = NO;
				CLANG_CXX_LANGUAGE_STANDARD = "gnu++0x";
				CLANG_CXX_LIBRARY = "libc++";
				CLANG_ENABLE_MODULES = YES;
				CLANG_ENABLE_OBJC_ARC = YES;
				CLANG_WARN_BOOL_CONVERSION = YES;
				CLANG_WARN_CONSTANT_CONVERSION = YES;
				CLANG_WARN_DIRECT_OBJC_ISA_USAGE = YES_ERROR;
				CLANG_WARN_EMPTY_BODY = YES;
				CLANG_WARN_ENUM_CONVERSION = YES;
				CLANG_WARN_INT_CONVERSION = YES;
				CLANG_WARN_OBJC_ROOT_CLASS = YES_ERROR;
				CLANG_WARN_UNREACHABLE_CODE = YES;
				CLANG_WARN__DUPLICATE_METHOD_MATCH = YES;
				"CODE_SIGN_IDENTITY[sdk=iphoneos*]" = "iPhone Developer";
				COPY_PHASE_STRIP = NO;
				DEBUG_INFORMATION_FORMAT = "dwarf-with-dsym";
				ENABLE_NS_ASSERTIONS = NO;
				ENABLE_STRICT_OBJC_MSGSEND = YES;
				GCC_C_LANGUAGE_STANDARD = gnu99;
				GCC_NO_COMMON_BLOCKS = YES;
				GCC_WARN_64_TO_32_BIT_CONVERSION = YES;
				GCC_WARN_ABOUT_RETURN_TYPE = YES_ERROR;
				GCC_WARN_UNDECLARED_SELECTOR = YES;
				GCC_WARN_UNINITIALIZED_AUTOS = YES_AGGRESSIVE;
				GCC_WARN_UNUSED_FUNCTION = YES;
				GCC_WARN_UNUSED_VARIABLE = YES;
				IPHONEOS_DEPLOYMENT_TARGET = 9.1;
				MTL_ENABLE_DEBUG_INFO = NO;
				SDKROOT = iphoneos;
				VALIDATE_PRODUCT = YES;
			};
			name = Release;
		};
		7CF88C8A1C148D3F00B81DDE /* Debug */ = {
			isa = XCBuildConfiguration;
			buildSettings = {
				ASSETCATALOG_COMPILER_APPICON_NAME = AppIcon;
				CODE_SIGN_IDENTITY = "iPhone Developer";
				"CODE_SIGN_IDENTITY[sdk=iphoneos*]" = "iPhone Developer";
				INFOPLIST_FILE = Check/Info.plist;
				LD_RUNPATH_SEARCH_PATHS = "$(inherited) @executable_path/Frameworks";
				PRODUCT_BUNDLE_IDENTIFIER = com.obrij.Check;
				PRODUCT_NAME = "$(TARGET_NAME)";
				PROVISIONING_PROFILE = "";
			};
			name = Debug;
		};
		7CF88C8B1C148D3F00B81DDE /* Release */ = {
			isa = XCBuildConfiguration;
			buildSettings = {
				ASSETCATALOG_COMPILER_APPICON_NAME = AppIcon;
				CODE_SIGN_IDENTITY = "iPhone Developer";
				"CODE_SIGN_IDENTITY[sdk=iphoneos*]" = "iPhone Developer";
				INFOPLIST_FILE = Check/Info.plist;
				LD_RUNPATH_SEARCH_PATHS = "$(inherited) @executable_path/Frameworks";
				PRODUCT_BUNDLE_IDENTIFIER = com.obrij.Check;
				PRODUCT_NAME = "$(TARGET_NAME)";
				PROVISIONING_PROFILE = "";
			};
			name = Release;
		};
		7CF88C8D1C148D3F00B81DDE /* Debug */ = {
			isa = XCBuildConfiguration;
			buildSettings = {
				BUNDLE_LOADER = "$(TEST_HOST)";
				INFOPLIST_FILE = CheckTests/Info.plist;
				LD_RUNPATH_SEARCH_PATHS = "$(inherited) @executable_path/Frameworks @loader_path/Frameworks";
				PRODUCT_BUNDLE_IDENTIFIER = com.obrij.CheckTests;
				PRODUCT_NAME = "$(TARGET_NAME)";
				TEST_HOST = "$(BUILT_PRODUCTS_DIR)/Check.app/Check";
			};
			name = Debug;
		};
		7CF88C8E1C148D3F00B81DDE /* Release */ = {
			isa = XCBuildConfiguration;
			buildSettings = {
				BUNDLE_LOADER = "$(TEST_HOST)";
				INFOPLIST_FILE = CheckTests/Info.plist;
				LD_RUNPATH_SEARCH_PATHS = "$(inherited) @executable_path/Frameworks @loader_path/Frameworks";
				PRODUCT_BUNDLE_IDENTIFIER = com.obrij.CheckTests;
				PRODUCT_NAME = "$(TARGET_NAME)";
				TEST_HOST = "$(BUILT_PRODUCTS_DIR)/Check.app/Check";
			};
			name = Release;
		};
/* End XCBuildConfiguration section */

/* Begin XCConfigurationList section */
		7CF88C621C148D3E00B81DDE /* Build configuration list for PBXProject "Check" */ = {
			isa = XCConfigurationList;
			buildConfigurations = (
				7CF88C871C148D3F00B81DDE /* Debug */,
				7CF88C881C148D3F00B81DDE /* Release */,
			);
			defaultConfigurationIsVisible = 0;
			defaultConfigurationName = Release;
		};
		7CF88C891C148D3F00B81DDE /* Build configuration list for PBXNativeTarget "Check" */ = {
			isa = XCConfigurationList;
			buildConfigurations = (
				7CF88C8A1C148D3F00B81DDE /* Debug */,
				7CF88C8B1C148D3F00B81DDE /* Release */,
			);
			defaultConfigurationIsVisible = 0;
			defaultConfigurationName = Release;
		};
		7CF88C8C1C148D3F00B81DDE /* Build configuration list for PBXNativeTarget "CheckTests" */ = {
			isa = XCConfigurationList;
			buildConfigurations = (
				7CF88C8D1C148D3F00B81DDE /* Debug */,
				7CF88C8E1C148D3F00B81DDE /* Release */,
			);
			defaultConfigurationIsVisible = 0;
			defaultConfigurationName = Release;
		};
/* End XCConfigurationList section */
	};
	rootObject = 7CF88C5F1C148D3E00B81DDE /* Project object */;
}
